
Microsoft Visual Studio Solution File, Format Version 12.00
# Visual Studio Version 17
VisualStudioVersion = 17.5.002.0
MinimumVisualStudioVersion = 10.0.40219.1
Project("{9A19103F-16F7-4668-BE54-9A1E7A4F7556}") = "OOP Project", "OOP Project.csproj", "{FEAA3298-C9C7-446B-B1AC-810C41312493}"
EndProject
Global
	GlobalSection(SolutionConfigurationPlatforms) = preSolution
		Debug|Any CPU = Debug|Any CPU
		Release|Any CPU = Release|Any CPU
	EndGlobalSection
	GlobalSection(ProjectConfigurationPlatforms) = postSolution
		{FEAA3298-C9C7-446B-B1AC-810C41312493}.Debug|Any CPU.ActiveCfg = Debug|Any CPU
		{FEAA3298-C9C7-446B-B1AC-810C41312493}.Debug|Any CPU.Build.0 = Debug|Any CPU
		{FEAA3298-C9C7-446B-B1AC-810C41312493}.Release|Any CPU.ActiveCfg = Release|Any CPU
		{FEAA3298-C9C7-446B-B1AC-810C41312493}.Release|Any CPU.Build.0 = Release|Any CPU
	EndGlobalSection
	GlobalSection(SolutionProperties) = preSolution
		HideSolutionNode = FALSE
	EndGlobalSection
	GlobalSection(ExtensibilityGlobals) = postSolution
		SolutionGuid = {845D300F-962C-4D69-BFEC-97E43D38C2F2}
	EndGlobalSection
EndGlobal
